{
  "lockfileVersion": 1,
  "configVersion": 1,
  "workspaces": {
    "": {
      "name": "tinrlike",
      "dependencies": {
        "vue": "^3.5.26",
        "webgpu-utils": "^2.0.3",
        "wgpu-matrix": "^3.4.0",
        "zod": "^4.3.5",
      },
      "devDependencies": {
        "@biomejs/biome": "2.4.10",
        "@types/node": "^25.5.2",
        "@vitejs/plugin-vue": "^6.0.3",
        "@vue/tsconfig": "^0.9.1",
        "@webgpu/types": "^0.1.67",
        "rollup-plugin-visualizer": "^7.0.1",
        "typescript": "^6.0.2",
        "vite": "^6.4.2",
        "vite-bundle-analyzer": "^1.3.7",
        "vue-tsc": "^3.2.1",
      },
    },
  },
  "packages": {
    "@babel/helper-string-parser": ["@babel/helper-string-parser@7.27.1", "", {}, "sha512-qMlSxKbpRlAridDExk92nSobyDdpPijUq2DW6oDnUqd0iOGxmQjyqhMIihI9+zv4LPyZdRje2cavWPbCbWm3eA=="],

    "@babel/helper-validator-identifier": ["@babel/helper-validator-identifier@7.28.5", "", {}, "sha512-qSs4ifwzKJSV39ucNjsvc6WVHs6b7S03sOh2OcHF9UHfVPqWWALUsNUVzhSBiItjRZoLHx7nIarVjqKVusUZ1Q=="],

    "@babel/parser": ["@babel/parser@7.29.2", "", { "dependencies": { "@babel/types": "^7.29.0" }, "bin": "./bin/babel-parser.js" }, "sha512-4GgRzy/+fsBa72/RZVJmGKPmZu9Byn8o4MoLpmNe1m8ZfYnz5emHLQz3U4gLud6Zwl0RZIcgiLD7Uq7ySFuDLA=="],

    "@babel/types": ["@babel/types@7.29.0", "", { "dependencies": { "@babel/helper-string-parser": "^7.27.1", "@babel/helper-validator-identifier": "^7.28.5" } }, "sha512-LwdZHpScM4Qz8Xw2iKSzS+cfglZzJGvofQICy7W7v4caru4EaAmyUuO6BGrbyQ2mYV11W0U8j5mBhd14dd3B0A=="],

    "@biomejs/biome": ["@biomejs/biome@2.4.10", "", { "optionalDependencies": { "@biomejs/cli-darwin-arm64": "2.4.10", "@biomejs/cli-darwin-x64": "2.4.10", "@biomejs/cli-linux-arm64": "2.4.10", "@biomejs/cli-linux-arm64-musl": "2.4.10", "@biomejs/cli-linux-x64": "2.4.10", "@biomejs/cli-linux-x64-musl": "2.4.10", "@biomejs/cli-win32-arm64": "2.4.10", "@biomejs/cli-win32-x64": "2.4.10" }, "bin": { "biome": "bin/biome" } }, "sha512-xxA3AphFQ1geij4JTHXv4EeSTda1IFn22ye9LdyVPoJU19fNVl0uzfEuhsfQ4Yue/0FaLs2/ccVi4UDiE7R30w=="],

    "@biomejs/cli-darwin-arm64": ["@biomejs/cli-darwin-arm64@2.4.10", "", { "os": "darwin", "cpu": "arm64" }, "sha512-vuzzI1cWqDVzOMIkYyHbKqp+AkQq4K7k+UCXWpkYcY/HDn1UxdsbsfgtVpa40shem8Kax4TLDLlx8kMAecgqiw=="],

    "@biomejs/cli-darwin-x64": ["@biomejs/cli-darwin-x64@2.4.10", "", { "os": "darwin", "cpu": "x64" }, "sha512-14fzASRo+BPotwp7nWULy2W5xeUyFnTaq1V13Etrrxkrih+ez/2QfgFm5Ehtf5vSjtgx/IJycMMpn5kPd5ZNaA=="],

    "@biomejs/cli-linux-arm64": ["@biomejs/cli-linux-arm64@2.4.10", "", { "os": "linux", "cpu": "arm64" }, "sha512-7MH1CMW5uuxQ/s7FLST63qF8B3Hgu2HRdZ7tA1X1+mk+St4JOuIrqdhIBnnyqeyWJNI+Bww7Es5QZ0wIc1Cmkw=="],

    "@biomejs/cli-linux-arm64-musl": ["@biomejs/cli-linux-arm64-musl@2.4.10", "", { "os": "linux", "cpu": "arm64" }, "sha512-WrJY6UuiSD/Dh+nwK2qOTu8kdMDlLV3dLMmychIghHPAysWFq1/DGC1pVZx8POE3ZkzKR3PUUnVrtZfMfaJjyQ=="],

    "@biomejs/cli-linux-x64": ["@biomejs/cli-linux-x64@2.4.10", "", { "os": "linux", "cpu": "x64" }, "sha512-tZLvEEi2u9Xu1zAqRjTcpIDGVtldigVvzug2fTuPG0ME/g8/mXpRPcNgLB22bGn6FvLJpHHnqLnwliOu8xjYrg=="],

    "@biomejs/cli-linux-x64-musl": ["@biomejs/cli-linux-x64-musl@2.4.10", "", { "os": "linux", "cpu": "x64" }, "sha512-kDTi3pI6PBN6CiczsWYOyP2zk0IJI08EWEQyDMQWW221rPaaEz6FvjLhnU07KMzLv8q3qSuoB93ua6inSQ55Tw=="],

    "@biomejs/cli-win32-arm64": ["@biomejs/cli-win32-arm64@2.4.10", "", { "os": "win32", "cpu": "arm64" }, "sha512-umwQU6qPzH+ISTf/eHyJ/QoQnJs3V9Vpjz2OjZXe9MVBZ7prgGafMy7yYeRGnlmDAn87AKTF3Q6weLoMGpeqdQ=="],

    "@biomejs/cli-win32-x64": ["@biomejs/cli-win32-x64@2.4.10", "", { "os": "win32", "cpu": "x64" }, "sha512-aW/JU5GuyH4uxMrNYpoC2kjaHlyJGLgIa3XkhPEZI0uKhZhJZU8BuEyJmvgzSPQNGozBwWjC972RaNdcJ9KyJg=="],

    "@esbuild/aix-ppc64": ["@esbuild/aix-ppc64@0.25.12", "", { "os": "aix", "cpu": "ppc64" }, "sha512-Hhmwd6CInZ3dwpuGTF8fJG6yoWmsToE+vYgD4nytZVxcu1ulHpUQRAB1UJ8+N1Am3Mz4+xOByoQoSZf4D+CpkA=="],

    "@esbuild/android-arm": ["@esbuild/android-arm@0.25.12", "", { "os": "android", "cpu": "arm" }, "sha512-VJ+sKvNA/GE7Ccacc9Cha7bpS8nyzVv0jdVgwNDaR4gDMC/2TTRc33Ip8qrNYUcpkOHUT5OZ0bUcNNVZQ9RLlg=="],

    "@esbuild/android-arm64": ["@esbuild/android-arm64@0.25.12", "", { "os": "android", "cpu": "arm64" }, "sha512-6AAmLG7zwD1Z159jCKPvAxZd4y/VTO0VkprYy+3N2FtJ8+BQWFXU+OxARIwA46c5tdD9SsKGZ/1ocqBS/gAKHg=="],

    "@esbuild/android-x64": ["@esbuild/android-x64@0.25.12", "", { "os": "android", "cpu": "x64" }, "sha512-5jbb+2hhDHx5phYR2By8GTWEzn6I9UqR11Kwf22iKbNpYrsmRB18aX/9ivc5cabcUiAT/wM+YIZ6SG9QO6a8kg=="],

    "@esbuild/darwin-arm64": ["@esbuild/darwin-arm64@0.25.12", "", { "os": "darwin", "cpu": "arm64" }, "sha512-N3zl+lxHCifgIlcMUP5016ESkeQjLj/959RxxNYIthIg+CQHInujFuXeWbWMgnTo4cp5XVHqFPmpyu9J65C1Yg=="],

    "@esbuild/darwin-x64": ["@esbuild/darwin-x64@0.25.12", "", { "os": "darwin", "cpu": "x64" }, "sha512-HQ9ka4Kx21qHXwtlTUVbKJOAnmG1ipXhdWTmNXiPzPfWKpXqASVcWdnf2bnL73wgjNrFXAa3yYvBSd9pzfEIpA=="],

    "@esbuild/freebsd-arm64": ["@esbuild/freebsd-arm64@0.25.12", "", { "os": "freebsd", "cpu": "arm64" }, "sha512-gA0Bx759+7Jve03K1S0vkOu5Lg/85dou3EseOGUes8flVOGxbhDDh/iZaoek11Y8mtyKPGF3vP8XhnkDEAmzeg=="],

    "@esbuild/freebsd-x64": ["@esbuild/freebsd-x64@0.25.12", "", { "os": "freebsd", "cpu": "x64" }, "sha512-TGbO26Yw2xsHzxtbVFGEXBFH0FRAP7gtcPE7P5yP7wGy7cXK2oO7RyOhL5NLiqTlBh47XhmIUXuGciXEqYFfBQ=="],

    "@esbuild/linux-arm": ["@esbuild/linux-arm@0.25.12", "", { "os": "linux", "cpu": "arm" }, "sha512-lPDGyC1JPDou8kGcywY0YILzWlhhnRjdof3UlcoqYmS9El818LLfJJc3PXXgZHrHCAKs/Z2SeZtDJr5MrkxtOw=="],

    "@esbuild/linux-arm64": ["@esbuild/linux-arm64@0.25.12", "", { "os": "linux", "cpu": "arm64" }, "sha512-8bwX7a8FghIgrupcxb4aUmYDLp8pX06rGh5HqDT7bB+8Rdells6mHvrFHHW2JAOPZUbnjUpKTLg6ECyzvas2AQ=="],

    "@esbuild/linux-ia32": ["@esbuild/linux-ia32@0.25.12", "", { "os": "linux", "cpu": "ia32" }, "sha512-0y9KrdVnbMM2/vG8KfU0byhUN+EFCny9+8g202gYqSSVMonbsCfLjUO+rCci7pM0WBEtz+oK/PIwHkzxkyharA=="],

    "@esbuild/linux-loong64": ["@esbuild/linux-loong64@0.25.12", "", { "os": "linux", "cpu": "none" }, "sha512-h///Lr5a9rib/v1GGqXVGzjL4TMvVTv+s1DPoxQdz7l/AYv6LDSxdIwzxkrPW438oUXiDtwM10o9PmwS/6Z0Ng=="],

    "@esbuild/linux-mips64el": ["@esbuild/linux-mips64el@0.25.12", "", { "os": "linux", "cpu": "none" }, "sha512-iyRrM1Pzy9GFMDLsXn1iHUm18nhKnNMWscjmp4+hpafcZjrr2WbT//d20xaGljXDBYHqRcl8HnxbX6uaA/eGVw=="],

    "@esbuild/linux-ppc64": ["@esbuild/linux-ppc64@0.25.12", "", { "os": "linux", "cpu": "ppc64" }, "sha512-9meM/lRXxMi5PSUqEXRCtVjEZBGwB7P/D4yT8UG/mwIdze2aV4Vo6U5gD3+RsoHXKkHCfSxZKzmDssVlRj1QQA=="],

    "@esbuild/linux-riscv64": ["@esbuild/linux-riscv64@0.25.12", "", { "os": "linux", "cpu": "none" }, "sha512-Zr7KR4hgKUpWAwb1f3o5ygT04MzqVrGEGXGLnj15YQDJErYu/BGg+wmFlIDOdJp0PmB0lLvxFIOXZgFRrdjR0w=="],

    "@esbuild/linux-s390x": ["@esbuild/linux-s390x@0.25.12", "", { "os": "linux", "cpu": "s390x" }, "sha512-MsKncOcgTNvdtiISc/jZs/Zf8d0cl/t3gYWX8J9ubBnVOwlk65UIEEvgBORTiljloIWnBzLs4qhzPkJcitIzIg=="],

    "@esbuild/linux-x64": ["@esbuild/linux-x64@0.25.12", "", { "os": "linux", "cpu": "x64" }, "sha512-uqZMTLr/zR/ed4jIGnwSLkaHmPjOjJvnm6TVVitAa08SLS9Z0VM8wIRx7gWbJB5/J54YuIMInDquWyYvQLZkgw=="],

    "@esbuild/netbsd-arm64": ["@esbuild/netbsd-arm64@0.25.12", "", { "os": "none", "cpu": "arm64" }, "sha512-xXwcTq4GhRM7J9A8Gv5boanHhRa/Q9KLVmcyXHCTaM4wKfIpWkdXiMog/KsnxzJ0A1+nD+zoecuzqPmCRyBGjg=="],

    "@esbuild/netbsd-x64": ["@esbuild/netbsd-x64@0.25.12", "", { "os": "none", "cpu": "x64" }, "sha512-Ld5pTlzPy3YwGec4OuHh1aCVCRvOXdH8DgRjfDy/oumVovmuSzWfnSJg+VtakB9Cm0gxNO9BzWkj6mtO1FMXkQ=="],

    "@esbuild/openbsd-arm64": ["@esbuild/openbsd-arm64@0.25.12", "", { "os": "openbsd", "cpu": "arm64" }, "sha512-fF96T6KsBo/pkQI950FARU9apGNTSlZGsv1jZBAlcLL1MLjLNIWPBkj5NlSz8aAzYKg+eNqknrUJ24QBybeR5A=="],

    "@esbuild/openbsd-x64": ["@esbuild/openbsd-x64@0.25.12", "", { "os": "openbsd", "cpu": "x64" }, "sha512-MZyXUkZHjQxUvzK7rN8DJ3SRmrVrke8ZyRusHlP+kuwqTcfWLyqMOE3sScPPyeIXN/mDJIfGXvcMqCgYKekoQw=="],

    "@esbuild/openharmony-arm64": ["@esbuild/openharmony-arm64@0.25.12", "", { "os": "none", "cpu": "arm64" }, "sha512-rm0YWsqUSRrjncSXGA7Zv78Nbnw4XL6/dzr20cyrQf7ZmRcsovpcRBdhD43Nuk3y7XIoW2OxMVvwuRvk9XdASg=="],

    "@esbuild/sunos-x64": ["@esbuild/sunos-x64@0.25.12", "", { "os": "sunos", "cpu": "x64" }, "sha512-3wGSCDyuTHQUzt0nV7bocDy72r2lI33QL3gkDNGkod22EsYl04sMf0qLb8luNKTOmgF/eDEDP5BFNwoBKH441w=="],

    "@esbuild/win32-arm64": ["@esbuild/win32-arm64@0.25.12", "", { "os": "win32", "cpu": "arm64" }, "sha512-rMmLrur64A7+DKlnSuwqUdRKyd3UE7oPJZmnljqEptesKM8wx9J8gx5u0+9Pq0fQQW8vqeKebwNXdfOyP+8Bsg=="],

    "@esbuild/win32-ia32": ["@esbuild/win32-ia32@0.25.12", "", { "os": "win32", "cpu": "ia32" }, "sha512-HkqnmmBoCbCwxUKKNPBixiWDGCpQGVsrQfJoVGYLPT41XWF8lHuE5N6WhVia2n4o5QK5M4tYr21827fNhi4byQ=="],

    "@esbuild/win32-x64": ["@esbuild/win32-x64@0.25.12", "", { "os": "win32", "cpu": "x64" }, "sha512-alJC0uCZpTFrSL0CCDjcgleBXPnCrEAhTBILpeAp7M/OFgoqtAetfBzX0xM00MUsVVPpVjlPuMbREqnZCXaTnA=="],

    "@jridgewell/sourcemap-codec": ["@jridgewell/sourcemap-codec@1.5.5", "", {}, "sha512-cYQ9310grqxueWbl+WuIUIaiUaDcj7WOq5fVhEljNVgRfOUhY9fy2zTvfoqWsnebh8Sl70VScFbICvJnLKB0Og=="],

    "@rolldown/pluginutils": ["@rolldown/pluginutils@1.0.0-rc.2", "", {}, "sha512-izyXV/v+cHiRfozX62W9htOAvwMo4/bXKDrQ+vom1L1qRuexPock/7VZDAhnpHCLNejd3NJ6hiab+tO0D44Rgw=="],

    "@rollup/rollup-android-arm-eabi": ["@rollup/rollup-android-arm-eabi@4.60.1", "", { "os": "android", "cpu": "arm" }, "sha512-d6FinEBLdIiK+1uACUttJKfgZREXrF0Qc2SmLII7W2AD8FfiZ9Wjd+rD/iRuf5s5dWrr1GgwXCvPqOuDquOowA=="],

    "@rollup/rollup-android-arm64": ["@rollup/rollup-android-arm64@4.60.1", "", { "os": "android", "cpu": "arm64" }, "sha512-YjG/EwIDvvYI1YvYbHvDz/BYHtkY4ygUIXHnTdLhG+hKIQFBiosfWiACWortsKPKU/+dUwQQCKQM3qrDe8c9BA=="],

    "@rollup/rollup-darwin-arm64": ["@rollup/rollup-darwin-arm64@4.60.1", "", { "os": "darwin", "cpu": "arm64" }, "sha512-mjCpF7GmkRtSJwon+Rq1N8+pI+8l7w5g9Z3vWj4T7abguC4Czwi3Yu/pFaLvA3TTeMVjnu3ctigusqWUfjZzvw=="],

    "@rollup/rollup-darwin-x64": ["@rollup/rollup-darwin-x64@4.60.1", "", { "os": "darwin", "cpu": "x64" }, "sha512-haZ7hJ1JT4e9hqkoT9R/19XW2QKqjfJVv+i5AGg57S+nLk9lQnJ1F/eZloRO3o9Scy9CM3wQ9l+dkXtcBgN5Ew=="],

    "@rollup/rollup-freebsd-arm64": ["@rollup/rollup-freebsd-arm64@4.60.1", "", { "os": "freebsd", "cpu": "arm64" }, "sha512-czw90wpQq3ZsAVBlinZjAYTKduOjTywlG7fEeWKUA7oCmpA8xdTkxZZlwNJKWqILlq0wehoZcJYfBvOyhPTQ6w=="],

    "@rollup/rollup-freebsd-x64": ["@rollup/rollup-freebsd-x64@4.60.1", "", { "os": "freebsd", "cpu": "x64" }, "sha512-KVB2rqsxTHuBtfOeySEyzEOB7ltlB/ux38iu2rBQzkjbwRVlkhAGIEDiiYnO2kFOkJp+Z7pUXKyrRRFuFUKt+g=="],

    "@rollup/rollup-linux-arm-gnueabihf": ["@rollup/rollup-linux-arm-gnueabihf@4.60.1", "", { "os": "linux", "cpu": "arm" }, "sha512-L+34Qqil+v5uC0zEubW7uByo78WOCIrBvci69E7sFASRl0X7b/MB6Cqd1lky/CtcSVTydWa2WZwFuWexjS5o6g=="],

    "@rollup/rollup-linux-arm-musleabihf": ["@rollup/rollup-linux-arm-musleabihf@4.60.1", "", { "os": "linux", "cpu": "arm" }, "sha512-n83O8rt4v34hgFzlkb1ycniJh7IR5RCIqt6mz1VRJD6pmhRi0CXdmfnLu9dIUS6buzh60IvACM842Ffb3xd6Gg=="],

    "@rollup/rollup-linux-arm64-gnu": ["@rollup/rollup-linux-arm64-gnu@4.60.1", "", { "os": "linux", "cpu": "arm64" }, "sha512-Nql7sTeAzhTAja3QXeAI48+/+GjBJ+QmAH13snn0AJSNL50JsDqotyudHyMbO2RbJkskbMbFJfIJKWA6R1LCJQ=="],

    "@rollup/rollup-linux-arm64-musl": ["@rollup/rollup-linux-arm64-musl@4.60.1", "", { "os": "linux", "cpu": "arm64" }, "sha512-+pUymDhd0ys9GcKZPPWlFiZ67sTWV5UU6zOJat02M1+PiuSGDziyRuI/pPue3hoUwm2uGfxdL+trT6Z9rxnlMA=="],

    "@rollup/rollup-linux-loong64-gnu": ["@rollup/rollup-linux-loong64-gnu@4.60.1", "", { "os": "linux", "cpu": "none" }, "sha512-VSvgvQeIcsEvY4bKDHEDWcpW4Yw7BtlKG1GUT4FzBUlEKQK0rWHYBqQt6Fm2taXS+1bXvJT6kICu5ZwqKCnvlQ=="],

    "@rollup/rollup-linux-loong64-musl": ["@rollup/rollup-linux-loong64-musl@4.60.1", "", { "os": "linux", "cpu": "none" }, "sha512-4LqhUomJqwe641gsPp6xLfhqWMbQV04KtPp7/dIp0nzPxAkNY1AbwL5W0MQpcalLYk07vaW9Kp1PBhdpZYYcEw=="],

    "@rollup/rollup-linux-ppc64-gnu": ["@rollup/rollup-linux-ppc64-gnu@4.60.1", "", { "os": "linux", "cpu": "ppc64" }, "sha512-tLQQ9aPvkBxOc/EUT6j3pyeMD6Hb8QF2BTBnCQWP/uu1lhc9AIrIjKnLYMEroIz/JvtGYgI9dF3AxHZNaEH0rw=="],

    "@rollup/rollup-linux-ppc64-musl": ["@rollup/rollup-linux-ppc64-musl@4.60.1", "", { "os": "linux", "cpu": "ppc64" }, "sha512-RMxFhJwc9fSXP6PqmAz4cbv3kAyvD1etJFjTx4ONqFP9DkTkXsAMU4v3Vyc5BgzC+anz7nS/9tp4obsKfqkDHg=="],

    "@rollup/rollup-linux-riscv64-gnu": ["@rollup/rollup-linux-riscv64-gnu@4.60.1", "", { "os": "linux", "cpu": "none" }, "sha512-QKgFl+Yc1eEk6MmOBfRHYF6lTxiiiV3/z/BRrbSiW2I7AFTXoBFvdMEyglohPj//2mZS4hDOqeB0H1ACh3sBbg=="],

    "@rollup/rollup-linux-riscv64-musl": ["@rollup/rollup-linux-riscv64-musl@4.60.1", "", { "os": "linux", "cpu": "none" }, "sha512-RAjXjP/8c6ZtzatZcA1RaQr6O1TRhzC+adn8YZDnChliZHviqIjmvFwHcxi4JKPSDAt6Uhf/7vqcBzQJy0PDJg=="],

    "@rollup/rollup-linux-s390x-gnu": ["@rollup/rollup-linux-s390x-gnu@4.60.1", "", { "os": "linux", "cpu": "s390x" }, "sha512-wcuocpaOlaL1COBYiA89O6yfjlp3RwKDeTIA0hM7OpmhR1Bjo9j31G1uQVpDlTvwxGn2nQs65fBFL5UFd76FcQ=="],

    "@rollup/rollup-linux-x64-gnu": ["@rollup/rollup-linux-x64-gnu@4.60.1", "", { "os": "linux", "cpu": "x64" }, "sha512-77PpsFQUCOiZR9+LQEFg9GClyfkNXj1MP6wRnzYs0EeWbPcHs02AXu4xuUbM1zhwn3wqaizle3AEYg5aeoohhg=="],

    "@rollup/rollup-linux-x64-musl": ["@rollup/rollup-linux-x64-musl@4.60.1", "", { "os": "linux", "cpu": "x64" }, "sha512-5cIATbk5vynAjqqmyBjlciMJl1+R/CwX9oLk/EyiFXDWd95KpHdrOJT//rnUl4cUcskrd0jCCw3wpZnhIHdD9w=="],

    "@rollup/rollup-openbsd-x64": ["@rollup/rollup-openbsd-x64@4.60.1", "", { "os": "openbsd", "cpu": "x64" }, "sha512-cl0w09WsCi17mcmWqqglez9Gk8isgeWvoUZ3WiJFYSR3zjBQc2J5/ihSjpl+VLjPqjQ/1hJRcqBfLjssREQILw=="],

    "@rollup/rollup-openharmony-arm64": ["@rollup/rollup-openharmony-arm64@4.60.1", "", { "os": "none", "cpu": "arm64" }, "sha512-4Cv23ZrONRbNtbZa37mLSueXUCtN7MXccChtKpUnQNgF010rjrjfHx3QxkS2PI7LqGT5xXyYs1a7LbzAwT0iCA=="],

    "@rollup/rollup-win32-arm64-msvc": ["@rollup/rollup-win32-arm64-msvc@4.60.1", "", { "os": "win32", "cpu": "arm64" }, "sha512-i1okWYkA4FJICtr7KpYzFpRTHgy5jdDbZiWfvny21iIKky5YExiDXP+zbXzm3dUcFpkEeYNHgQ5fuG236JPq0g=="],

    "@rollup/rollup-win32-ia32-msvc": ["@rollup/rollup-win32-ia32-msvc@4.60.1", "", { "os": "win32", "cpu": "ia32" }, "sha512-u09m3CuwLzShA0EYKMNiFgcjjzwqtUMLmuCJLeZWjjOYA3IT2Di09KaxGBTP9xVztWyIWjVdsB2E9goMjZvTQg=="],

    "@rollup/rollup-win32-x64-gnu": ["@rollup/rollup-win32-x64-gnu@4.60.1", "", { "os": "win32", "cpu": "x64" }, "sha512-k+600V9Zl1CM7eZxJgMyTUzmrmhB/0XZnF4pRypKAlAgxmedUA+1v9R+XOFv56W4SlHEzfeMtzujLJD22Uz5zg=="],

    "@rollup/rollup-win32-x64-msvc": ["@rollup/rollup-win32-x64-msvc@4.60.1", "", { "os": "win32", "cpu": "x64" }, "sha512-lWMnixq/QzxyhTV6NjQJ4SFo1J6PvOX8vUx5Wb4bBPsEb+8xZ89Bz6kOXpfXj9ak9AHTQVQzlgzBEc1SyM27xQ=="],

    "@types/estree": ["@types/estree@1.0.8", "", {}, "sha512-dWHzHa2WqEXI/O1E9OjrocMTKJl2mSrEolh1Iomrv6U+JuNwaHXsXx9bLu5gG7BUWFIN0skIQJQ/L1rIex4X6w=="],

    "@types/node": ["@types/node@25.5.2", "", { "dependencies": { "undici-types": "~7.18.0" } }, "sha512-tO4ZIRKNC+MDWV4qKVZe3Ql/woTnmHDr5JD8UI5hn2pwBrHEwOEMZK7WlNb5RKB6EoJ02gwmQS9OrjuFnZYdpg=="],

    "@vitejs/plugin-vue": ["@vitejs/plugin-vue@6.0.5", "", { "dependencies": { "@rolldown/pluginutils": "1.0.0-rc.2" }, "peerDependencies": { "vite": "^5.0.0 || ^6.0.0 || ^7.0.0 || ^8.0.0", "vue": "^3.2.25" } }, "sha512-bL3AxKuQySfk1iGcBsQnoRVexTPJq0Z/ixFVM8OhVJAP6ZXXXLtM7NFKWhLl30Kg7uTBqIaPXbh+nuQCuBDedg=="],

    "@volar/language-core": ["@volar/language-core@2.4.28", "", { "dependencies": { "@volar/source-map": "2.4.28" } }, "sha512-w4qhIJ8ZSitgLAkVay6AbcnC7gP3glYM3fYwKV3srj8m494E3xtrCv6E+bWviiK/8hs6e6t1ij1s2Endql7vzQ=="],

    "@volar/source-map": ["@volar/source-map@2.4.28", "", {}, "sha512-yX2BDBqJkRXfKw8my8VarTyjv48QwxdJtvRgUpNE5erCsgEUdI2DsLbpa+rOQVAJYshY99szEcRDmyHbF10ggQ=="],

    "@volar/typescript": ["@volar/typescript@2.4.28", "", { "dependencies": { "@volar/language-core": "2.4.28", "path-browserify": "^1.0.1", "vscode-uri": "^3.0.8" } }, "sha512-Ja6yvWrbis2QtN4ClAKreeUZPVYMARDYZl9LMEv1iQ1QdepB6wn0jTRxA9MftYmYa4DQ4k/DaSZpFPUfxl8giw=="],

    "@vue/compiler-core": ["@vue/compiler-core@3.5.32", "", { "dependencies": { "@babel/parser": "^7.29.2", "@vue/shared": "3.5.32", "entities": "^7.0.1", "estree-walker": "^2.0.2", "source-map-js": "^1.2.1" } }, "sha512-4x74Tbtqnda8s/NSD6e1Dr5p1c8HdMU5RWSjMSUzb8RTcUQqevDCxVAitcLBKT+ie3o0Dl9crc/S/opJM7qBGQ=="],

    "@vue/compiler-dom": ["@vue/compiler-dom@3.5.32", "", { "dependencies": { "@vue/compiler-core": "3.5.32", "@vue/shared": "3.5.32" } }, "sha512-ybHAu70NtiEI1fvAUz3oXZqkUYEe5J98GjMDpTGl5iHb0T15wQYLR4wE3h9xfuTNA+Cm2f4czfe8B4s+CCH57Q=="],

    "@vue/compiler-sfc": ["@vue/compiler-sfc@3.5.32", "", { "dependencies": { "@babel/parser": "^7.29.2", "@vue/compiler-core": "3.5.32", "@vue/compiler-dom": "3.5.32", "@vue/compiler-ssr": "3.5.32", "@vue/shared": "3.5.32", "estree-walker": "^2.0.2", "magic-string": "^0.30.21", "postcss": "^8.5.8", "source-map-js": "^1.2.1" } }, "sha512-8UYUYo71cP/0YHMO814TRZlPuUUw3oifHuMR7Wp9SNoRSrxRQnhMLNlCeaODNn6kNTJsjFoQ/kqIj4qGvya4Xg=="],

    "@vue/compiler-ssr": ["@vue/compiler-ssr@3.5.32", "", { "dependencies": { "@vue/compiler-dom": "3.5.32", "@vue/shared": "3.5.32" } }, "sha512-Gp4gTs22T3DgRotZ8aA/6m2jMR+GMztvBXUBEUOYOcST+giyGWJ4WvFd7QLHBkzTxkfOt8IELKNdpzITLbA2rw=="],

    "@vue/language-core": ["@vue/language-core@3.2.6", "", { "dependencies": { "@volar/language-core": "2.4.28", "@vue/compiler-dom": "^3.5.0", "@vue/shared": "^3.5.0", "alien-signals": "^3.0.0", "muggle-string": "^0.4.1", "path-browserify": "^1.0.1", "picomatch": "^4.0.2" } }, "sha512-xYYYX3/aVup576tP/23sEUpgiEnujrENaoNRbaozC1/MA9I6EGFQRJb4xrt/MmUCAGlxTKL2RmT8JLTPqagCkg=="],

    "@vue/reactivity": ["@vue/reactivity@3.5.32", "", { "dependencies": { "@vue/shared": "3.5.32" } }, "sha512-/ORasxSGvZ6MN5gc+uE364SxFdJ0+WqVG0CENXaGW58TOCdrAW76WWaplDtECeS1qphvtBZtR+3/o1g1zL4xPQ=="],

    "@vue/runtime-core": ["@vue/runtime-core@3.5.32", "", { "dependencies": { "@vue/reactivity": "3.5.32", "@vue/shared": "3.5.32" } }, "sha512-pDrXCejn4UpFDFmMd27AcJEbHaLemaE5o4pbb7sLk79SRIhc6/t34BQA7SGNgYtbMnvbF/HHOftYBgFJtUoJUQ=="],

    "@vue/runtime-dom": ["@vue/runtime-dom@3.5.32", "", { "dependencies": { "@vue/reactivity": "3.5.32", "@vue/runtime-core": "3.5.32", "@vue/shared": "3.5.32", "csstype": "^3.2.3" } }, "sha512-1CDVv7tv/IV13V8Nip1k/aaObVbWqRlVCVezTwx3K07p7Vxossp5JU1dcPNhJk3w347gonIUT9jQOGutyJrSVQ=="],

    "@vue/server-renderer": ["@vue/server-renderer@3.5.32", "", { "dependencies": { "@vue/compiler-ssr": "3.5.32", "@vue/shared": "3.5.32" }, "peerDependencies": { "vue": "3.5.32" } }, "sha512-IOjm2+JQwRFS7W28HNuJeXQle9KdZbODFY7hFGVtnnghF51ta20EWAZJHX+zLGtsHhaU6uC9BGPV52KVpYryMQ=="],

    "@vue/shared": ["@vue/shared@3.5.32", "", {}, "sha512-ksNyrmRQzWJJ8n3cRDuSF7zNNontuJg1YHnmWRJd2AMu8Ij2bqwiiri2lH5rHtYPZjj4STkNcgcmiQqlOjiYGg=="],

    "@vue/tsconfig": ["@vue/tsconfig@0.9.1", "", { "peerDependencies": { "typescript": ">= 5.8", "vue": "^3.4.0" }, "optionalPeers": ["typescript", "vue"] }, "sha512-buvjm+9NzLCJL29KY1j1991YYJ5e6275OiK+G4jtmfIb+z4POywbdm0wXusT9adVWqe0xqg70TbI7+mRx4uU9w=="],

    "@webgpu/types": ["@webgpu/types@0.1.69", "", {}, "sha512-RPmm6kgRbI8e98zSD3RVACvnuktIja5+yLgDAkTmxLr90BEwdTXRQWNLF3ETTTyH/8mKhznZuN5AveXYFEsMGQ=="],

    "alien-signals": ["alien-signals@3.1.2", "", {}, "sha512-d9dYqZTS90WLiU0I5c6DHj/HcKkF8ZyGN3G5x8wSbslulz70KOxaqCT0hQCo9KOyhVqzqGojvNdJXoTumZOtcw=="],

    "ansi-regex": ["ansi-regex@6.2.2", "", {}, "sha512-Bq3SmSpyFHaWjPk8If9yc6svM8c56dB5BAtW4Qbw5jHTwwXXcTLoRMkpDJp6VL0XzlWaCHTXrkFURMYmD0sLqg=="],

    "ansi-styles": ["ansi-styles@6.2.3", "", {}, "sha512-4Dj6M28JB+oAH8kFkTLUo+a2jwOFkuqb3yucU0CANcRRUbxS0cP0nZYCGjcc3BNXwRIsUVmDGgzawme7zvJHvg=="],

    "bundle-name": ["bundle-name@4.1.0", "", { "dependencies": { "run-applescript": "^7.0.0" } }, "sha512-tjwM5exMg6BGRI+kNmTntNsvdZS1X8BFYS6tnJ2hdH0kVxM6/eVZ2xy+FqStSWvYmtfFMDLIxurorHwDKfDz5Q=="],

    "cliui": ["cliui@9.0.1", "", { "dependencies": { "string-width": "^7.2.0", "strip-ansi": "^7.1.0", "wrap-ansi": "^9.0.0" } }, "sha512-k7ndgKhwoQveBL+/1tqGJYNz097I7WOvwbmmU2AR5+magtbjPWQTS1C5vzGkBC8Ym8UWRzfKUzUUqFLypY4Q+w=="],

    "csstype": ["csstype@3.2.3", "", {}, "sha512-z1HGKcYy2xA8AGQfwrn0PAy+PB7X/GSj3UVJW9qKyn43xWa+gl5nXmU4qqLMRzWVLFC8KusUX8T/0kCiOYpAIQ=="],

    "default-browser": ["default-browser@5.5.0", "", { "dependencies": { "bundle-name": "^4.1.0", "default-browser-id": "^5.0.0" } }, "sha512-H9LMLr5zwIbSxrmvikGuI/5KGhZ8E2zH3stkMgM5LpOWDutGM2JZaj460Udnf1a+946zc7YBgrqEWwbk7zHvGw=="],

    "default-browser-id": ["default-browser-id@5.0.1", "", {}, "sha512-x1VCxdX4t+8wVfd1so/9w+vQ4vx7lKd2Qp5tDRutErwmR85OgmfX7RlLRMWafRMY7hbEiXIbudNrjOAPa/hL8Q=="],

    "define-lazy-prop": ["define-lazy-prop@3.0.0", "", {}, "sha512-N+MeXYoqr3pOgn8xfyRPREN7gHakLYjhsHhWGT3fWAiL4IkAt0iDw14QiiEm2bE30c5XX5q0FtAA3CK5f9/BUg=="],

    "emoji-regex": ["emoji-regex@10.6.0", "", {}, "sha512-toUI84YS5YmxW219erniWD0CIVOo46xGKColeNQRgOzDorgBi1v4D71/OFzgD9GO2UGKIv1C3Sp8DAn0+j5w7A=="],

    "entities": ["entities@7.0.1", "", {}, "sha512-TWrgLOFUQTH994YUyl1yT4uyavY5nNB5muff+RtWaqNVCAK408b5ZnnbNAUEWLTCpum9w6arT70i1XdQ4UeOPA=="],

    "esbuild": ["esbuild@0.25.12", "", { "optionalDependencies": { "@esbuild/aix-ppc64": "0.25.12", "@esbuild/android-arm": "0.25.12", "@esbuild/android-arm64": "0.25.12", "@esbuild/android-x64": "0.25.12", "@esbuild/darwin-arm64": "0.25.12", "@esbuild/darwin-x64": "0.25.12", "@esbuild/freebsd-arm64": "0.25.12", "@esbuild/freebsd-x64": "0.25.12", "@esbuild/linux-arm": "0.25.12", "@esbuild/linux-arm64": "0.25.12", "@esbuild/linux-ia32": "0.25.12", "@esbuild/linux-loong64": "0.25.12", "@esbuild/linux-mips64el": "0.25.12", "@esbuild/linux-ppc64": "0.25.12", "@esbuild/linux-riscv64": "0.25.12", "@esbuild/linux-s390x": "0.25.12", "@esbuild/linux-x64": "0.25.12", "@esbuild/netbsd-arm64": "0.25.12", "@esbuild/netbsd-x64": "0.25.12", "@esbuild/openbsd-arm64": "0.25.12", "@esbuild/openbsd-x64": "0.25.12", "@esbuild/openharmony-arm64": "0.25.12", "@esbuild/sunos-x64": "0.25.12", "@esbuild/win32-arm64": "0.25.12", "@esbuild/win32-ia32": "0.25.12", "@esbuild/win32-x64": "0.25.12" }, "bin": { "esbuild": "bin/esbuild" } }, "sha512-bbPBYYrtZbkt6Os6FiTLCTFxvq4tt3JKall1vRwshA3fdVztsLAatFaZobhkBC8/BrPetoa0oksYoKXoG4ryJg=="],

    "escalade": ["escalade@3.2.0", "", {}, "sha512-WUj2qlxaQtO4g6Pq5c29GTcWGDyd8itL8zTlipgECz3JesAiiOKotd8JU6otB3PACgG6xkJUyVhboMS+bje/jA=="],

    "estree-walker": ["estree-walker@2.0.2", "", {}, "sha512-Rfkk/Mp/DL7JVje3u18FxFujQlTNR2q6QfMSMB7AvCBx91NGj/ba3kCfza0f6dVDbw7YlRf/nDrn7pQrCCyQ/w=="],

    "fdir": ["fdir@6.5.0", "", { "peerDependencies": { "picomatch": "^3 || ^4" }, "optionalPeers": ["picomatch"] }, "sha512-tIbYtZbucOs0BRGqPJkshJUYdL+SDH7dVM8gjy+ERp3WAUjLEFJE+02kanyHtwjWOnwrKYBiwAmM0p4kLJAnXg=="],

    "fsevents": ["fsevents@2.3.3", "", { "os": "darwin" }, "sha512-5xoDfX+fL7faATnagmWPpbFtwh/R77WmMMqqHGS65C3vvB0YHrgF+B1YmZ3441tMj5n63k0212XNoJwzlhffQw=="],

    "get-caller-file": ["get-caller-file@2.0.5", "", {}, "sha512-DyFP3BM/3YHTQOCUL/w0OZHR0lpKeGrxotcHWcqNEdnltqFwXVfhEBQ94eIo34AfQpo0rGki4cyIiftY06h2Fg=="],

    "get-east-asian-width": ["get-east-asian-width@1.5.0", "", {}, "sha512-CQ+bEO+Tva/qlmw24dCejulK5pMzVnUOFOijVogd3KQs07HnRIgp8TGipvCCRT06xeYEbpbgwaCxglFyiuIcmA=="],

    "is-docker": ["is-docker@3.0.0", "", { "bin": { "is-docker": "cli.js" } }, "sha512-eljcgEDlEns/7AXFosB5K/2nCM4P7FQPkGc/DWLy5rmFEWvZayGrik1d9/QIY5nJ4f9YsVvBkA6kJpHn9rISdQ=="],

    "is-in-ssh": ["is-in-ssh@1.0.0", "", {}, "sha512-jYa6Q9rH90kR1vKB6NM7qqd1mge3Fx4Dhw5TVlK1MUBqhEOuCagrEHMevNuCcbECmXZ0ThXkRm+Ymr51HwEPAw=="],

    "is-inside-container": ["is-inside-container@1.0.0", "", { "dependencies": { "is-docker": "^3.0.0" }, "bin": { "is-inside-container": "cli.js" } }, "sha512-KIYLCCJghfHZxqjYBE7rEy0OBuTd5xCHS7tHVgvCLkx7StIoaxwNW3hCALgEUjFfeRk+MG/Qxmp/vtETEF3tRA=="],

    "is-wsl": ["is-wsl@3.1.1", "", { "dependencies": { "is-inside-container": "^1.0.0" } }, "sha512-e6rvdUCiQCAuumZslxRJWR/Doq4VpPR82kqclvcS0efgt430SlGIk05vdCN58+VrzgtIcfNODjozVielycD4Sw=="],

    "magic-string": ["magic-string@0.30.21", "", { "dependencies": { "@jridgewell/sourcemap-codec": "^1.5.5" } }, "sha512-vd2F4YUyEXKGcLHoq+TEyCjxueSeHnFxyyjNp80yg0XV4vUhnDer/lvvlqM/arB5bXQN5K2/3oinyCRyx8T2CQ=="],

    "muggle-string": ["muggle-string@0.4.1", "", {}, "sha512-VNTrAak/KhO2i8dqqnqnAHOa3cYBwXEZe9h+D5h/1ZqFSTEFHdM65lR7RoIqq3tBBYavsOXV84NoHXZ0AkPyqQ=="],

    "nanoid": ["nanoid@3.3.11", "", { "bin": { "nanoid": "bin/nanoid.cjs" } }, "sha512-N8SpfPUnUp1bK+PMYW8qSWdl9U+wwNWI4QKxOYDy9JAro3WMX7p2OeVRF9v+347pnakNevPmiHhNmZ2HbFA76w=="],

    "open": ["open@11.0.0", "", { "dependencies": { "default-browser": "^5.4.0", "define-lazy-prop": "^3.0.0", "is-in-ssh": "^1.0.0", "is-inside-container": "^1.0.0", "powershell-utils": "^0.1.0", "wsl-utils": "^0.3.0" } }, "sha512-smsWv2LzFjP03xmvFoJ331ss6h+jixfA4UUV/Bsiyuu4YJPfN+FIQGOIiv4w9/+MoHkfkJ22UIaQWRVFRfH6Vw=="],

    "path-browserify": ["path-browserify@1.0.1", "", {}, "sha512-b7uo2UCUOYZcnF/3ID0lulOJi/bafxa1xPe7ZPsammBSpjSWQkjNxlt635YGS2MiR9GjvuXCtz2emr3jbsz98g=="],

    "picocolors": ["picocolors@1.1.1", "", {}, "sha512-xceH2snhtb5M9liqDsmEw56le376mTZkEX/jEb/RxNFyegNul7eNslCXP9FDj/Lcu0X8KEyMceP2ntpaHrDEVA=="],

    "picomatch": ["picomatch@4.0.4", "", {}, "sha512-QP88BAKvMam/3NxH6vj2o21R6MjxZUAd6nlwAS/pnGvN9IVLocLHxGYIzFhg6fUQ+5th6P4dv4eW9jX3DSIj7A=="],

    "postcss": ["postcss@8.5.8", "", { "dependencies": { "nanoid": "^3.3.11", "picocolors": "^1.1.1", "source-map-js": "^1.2.1" } }, "sha512-OW/rX8O/jXnm82Ey1k44pObPtdblfiuWnrd8X7GJ7emImCOstunGbXUpp7HdBrFQX6rJzn3sPT397Wp5aCwCHg=="],

    "powershell-utils": ["powershell-utils@0.1.0", "", {}, "sha512-dM0jVuXJPsDN6DvRpea484tCUaMiXWjuCn++HGTqUWzGDjv5tZkEZldAJ/UMlqRYGFrD/etByo4/xOuC/snX2A=="],

    "rollup": ["rollup@4.60.1", "", { "dependencies": { "@types/estree": "1.0.8" }, "optionalDependencies": { "@rollup/rollup-android-arm-eabi": "4.60.1", "@rollup/rollup-android-arm64": "4.60.1", "@rollup/rollup-darwin-arm64": "4.60.1", "@rollup/rollup-darwin-x64": "4.60.1", "@rollup/rollup-freebsd-arm64": "4.60.1", "@rollup/rollup-freebsd-x64": "4.60.1", "@rollup/rollup-linux-arm-gnueabihf": "4.60.1", "@rollup/rollup-linux-arm-musleabihf": "4.60.1", "@rollup/rollup-linux-arm64-gnu": "4.60.1", "@rollup/rollup-linux-arm64-musl": "4.60.1", "@rollup/rollup-linux-loong64-gnu": "4.60.1", "@rollup/rollup-linux-loong64-musl": "4.60.1", "@rollup/rollup-linux-ppc64-gnu": "4.60.1", "@rollup/rollup-linux-ppc64-musl": "4.60.1", "@rollup/rollup-linux-riscv64-gnu": "4.60.1", "@rollup/rollup-linux-riscv64-musl": "4.60.1", "@rollup/rollup-linux-s390x-gnu": "4.60.1", "@rollup/rollup-linux-x64-gnu": "4.60.1", "@rollup/rollup-linux-x64-musl": "4.60.1", "@rollup/rollup-openbsd-x64": "4.60.1", "@rollup/rollup-openharmony-arm64": "4.60.1", "@rollup/rollup-win32-arm64-msvc": "4.60.1", "@rollup/rollup-win32-ia32-msvc": "4.60.1", "@rollup/rollup-win32-x64-gnu": "4.60.1", "@rollup/rollup-win32-x64-msvc": "4.60.1", "fsevents": "~2.3.2" }, "bin": { "rollup": "dist/bin/rollup" } }, "sha512-VmtB2rFU/GroZ4oL8+ZqXgSA38O6GR8KSIvWmEFv63pQ0G6KaBH9s07PO8XTXP4vI+3UJUEypOfjkGfmSBBR0w=="],

    "rollup-plugin-visualizer": ["rollup-plugin-visualizer@7.0.1", "", { "dependencies": { "open": "^11.0.0", "picomatch": "^4.0.2", "source-map": "^0.7.4", "yargs": "^18.0.0" }, "peerDependencies": { "rolldown": "1.x || ^1.0.0-beta || ^1.0.0-rc", "rollup": "2.x || 3.x || 4.x" }, "optionalPeers": ["rolldown", "rollup"], "bin": { "rollup-plugin-visualizer": "dist/bin/cli.js" } }, "sha512-UJUT4+1Ho4OcWmPYU3sYXgUqI8B8Ayfe06MX7y0qCJ1K8aGoKtR/NDd/2nZqM7ADkrzny+I99Ul7GgyoiVNAgg=="],

    "run-applescript": ["run-applescript@7.1.0", "", {}, "sha512-DPe5pVFaAsinSaV6QjQ6gdiedWDcRCbUuiQfQa2wmWV7+xC9bGulGI8+TdRmoFkAPaBXk8CrAbnlY2ISniJ47Q=="],

    "source-map": ["source-map@0.7.6", "", {}, "sha512-i5uvt8C3ikiWeNZSVZNWcfZPItFQOsYTUAOkcUPGd8DqDy1uOUikjt5dG+uRlwyvR108Fb9DOd4GvXfT0N2/uQ=="],

    "source-map-js": ["source-map-js@1.2.1", "", {}, "sha512-UXWMKhLOwVKb728IUtQPXxfYU+usdybtUrK/8uGE8CQMvrhOpwvzDBwj0QhSL7MQc7vIsISBG8VQ8+IDQxpfQA=="],

    "string-width": ["string-width@7.2.0", "", { "dependencies": { "emoji-regex": "^10.3.0", "get-east-asian-width": "^1.0.0", "strip-ansi": "^7.1.0" } }, "sha512-tsaTIkKW9b4N+AEj+SVA+WhJzV7/zMhcSu78mLKWSk7cXMOSHsBKFWUs0fWwq8QyK3MgJBQRX6Gbi4kYbdvGkQ=="],

    "strip-ansi": ["strip-ansi@7.2.0", "", { "dependencies": { "ansi-regex": "^6.2.2" } }, "sha512-yDPMNjp4WyfYBkHnjIRLfca1i6KMyGCtsVgoKe/z1+6vukgaENdgGBZt+ZmKPc4gavvEZ5OgHfHdrazhgNyG7w=="],

    "tinyglobby": ["tinyglobby@0.2.15", "", { "dependencies": { "fdir": "^6.5.0", "picomatch": "^4.0.3" } }, "sha512-j2Zq4NyQYG5XMST4cbs02Ak8iJUdxRM0XI5QyxXuZOzKOINmWurp3smXu3y5wDcJrptwpSjgXHzIQxR0omXljQ=="],

    "typescript": ["typescript@6.0.2", "", { "bin": { "tsc": "bin/tsc", "tsserver": "bin/tsserver" } }, "sha512-bGdAIrZ0wiGDo5l8c++HWtbaNCWTS4UTv7RaTH/ThVIgjkveJt83m74bBHMJkuCbslY8ixgLBVZJIOiQlQTjfQ=="],

    "undici-types": ["undici-types@7.18.2", "", {}, "sha512-AsuCzffGHJybSaRrmr5eHr81mwJU3kjw6M+uprWvCXiNeN9SOGwQ3Jn8jb8m3Z6izVgknn1R0FTCEAP2QrLY/w=="],

    "vite": ["vite@6.4.2", "", { "dependencies": { "esbuild": "^0.25.0", "fdir": "^6.4.4", "picomatch": "^4.0.2", "postcss": "^8.5.3", "rollup": "^4.34.9", "tinyglobby": "^0.2.13" }, "optionalDependencies": { "fsevents": "~2.3.3" }, "peerDependencies": { "@types/node": "^18.0.0 || ^20.0.0 || >=22.0.0", "jiti": ">=1.21.0", "less": "*", "lightningcss": "^1.21.0", "sass": "*", "sass-embedded": "*", "stylus": "*", "sugarss": "*", "terser": "^5.16.0", "tsx": "^4.8.1", "yaml": "^2.4.2" }, "optionalPeers": ["@types/node", "jiti", "less", "lightningcss", "sass", "sass-embedded", "stylus", "sugarss", "terser", "tsx", "yaml"], "bin": { "vite": "bin/vite.js" } }, "sha512-2N/55r4JDJ4gdrCvGgINMy+HH3iRpNIz8K6SFwVsA+JbQScLiC+clmAxBgwiSPgcG9U15QmvqCGWzMbqda5zGQ=="],

    "vite-bundle-analyzer": ["vite-bundle-analyzer@1.3.7", "", { "bin": { "analyze": "dist/bin.js" } }, "sha512-dYlW6iM0Gq7+uSEfXytDC+UjruUMgEKhXwQUbw4cJUgHA6FdEhpLgIrL5OZEyabrzVen0mZyfOSESyZ7nGyT8g=="],

    "vscode-uri": ["vscode-uri@3.1.0", "", {}, "sha512-/BpdSx+yCQGnCvecbyXdxHDkuk55/G3xwnC0GqY4gmQ3j+A+g8kzzgB4Nk/SINjqn6+waqw3EgbVF2QKExkRxQ=="],

    "vue": ["vue@3.5.32", "", { "dependencies": { "@vue/compiler-dom": "3.5.32", "@vue/compiler-sfc": "3.5.32", "@vue/runtime-dom": "3.5.32", "@vue/server-renderer": "3.5.32", "@vue/shared": "3.5.32" }, "peerDependencies": { "typescript": "*" }, "optionalPeers": ["typescript"] }, "sha512-vM4z4Q9tTafVfMAK7IVzmxg34rSzTFMyIe0UUEijUCkn9+23lj0WRfA83dg7eQZIUlgOSGrkViIaCfqSAUXsMw=="],

    "vue-tsc": ["vue-tsc@3.2.6", "", { "dependencies": { "@volar/typescript": "2.4.28", "@vue/language-core": "3.2.6" }, "peerDependencies": { "typescript": ">=5.0.0" }, "bin": { "vue-tsc": "bin/vue-tsc.js" } }, "sha512-gYW/kWI0XrwGzd0PKc7tVB/qpdeAkIZLNZb10/InizkQjHjnT8weZ/vBarZoj4kHKbUTZT/bAVgoOr8x4NsQ/Q=="],

    "webgpu-utils": ["webgpu-utils@2.0.3", "", {}, "sha512-EqEN2uWbZ6wRRNR8hea2nz6oH8G8VninAr1a5EwC/iDu3BlP8xdPMWYiDIoR1pEH8/peYMKQe1aQuCewyb8kuA=="],

    "wgpu-matrix": ["wgpu-matrix@3.4.2", "", {}, "sha512-IfZFbG7olEYBD76VCZy2TzqM57GKy3LT++AZh37tMHPPByO6R2h61zXGBZFNPi2IzxNivNi8y5dvze5PjaczjA=="],

    "wrap-ansi": ["wrap-ansi@9.0.2", "", { "dependencies": { "ansi-styles": "^6.2.1", "string-width": "^7.0.0", "strip-ansi": "^7.1.0" } }, "sha512-42AtmgqjV+X1VpdOfyTGOYRi0/zsoLqtXQckTmqTeybT+BDIbM/Guxo7x3pE2vtpr1ok6xRqM9OpBe+Jyoqyww=="],

    "wsl-utils": ["wsl-utils@0.3.1", "", { "dependencies": { "is-wsl": "^3.1.0", "powershell-utils": "^0.1.0" } }, "sha512-g/eziiSUNBSsdDJtCLB8bdYEUMj4jR7AGeUo96p/3dTafgjHhpF4RiCFPiRILwjQoDXx5MqkBr4fwWtR3Ky4Wg=="],

    "y18n": ["y18n@5.0.8", "", {}, "sha512-0pfFzegeDWJHJIAmTLRP2DwHjdF5s7jo9tuztdQxAhINCdvS+3nGINqPd00AphqJR/0LhANUS6/+7SCb98YOfA=="],

    "yargs": ["yargs@18.0.0", "", { "dependencies": { "cliui": "^9.0.1", "escalade": "^3.1.1", "get-caller-file": "^2.0.5", "string-width": "^7.2.0", "y18n": "^5.0.5", "yargs-parser": "^22.0.0" } }, "sha512-4UEqdc2RYGHZc7Doyqkrqiln3p9X2DZVxaGbwhn2pi7MrRagKaOcIKe8L3OxYcbhXLgLFUS3zAYuQjKBQgmuNg=="],

    "yargs-parser": ["yargs-parser@22.0.0", "", {}, "sha512-rwu/ClNdSMpkSrUb+d6BRsSkLUq1fmfsY6TOpYzTwvwkg1/NRG85KBy3kq++A8LKQwX6lsu+aWad+2khvuXrqw=="],

    "zod": ["zod@4.3.6", "", {}, "sha512-rftlrkhHZOcjDwkGlnUtZZkvaPHCsDATp4pGpuOOMDaTdDDXF91wuVDJoWoPsKX/3YPQ5fHuF3STjcYyKr+Qhg=="],
  }
}
